
Microsoft Visual Studio Solution File, Format Version 12.00
# Visual Studio 2012
Project("{FAE04EC0-301F-11D3-BF4B-00C04F79EFBC}") = "WaitHandle", "WaitHandle\WaitHandle.csproj", "{E5E77036-4FC1-43C7-8572-2F9BB9F6D5BC}"
EndProject
Global
	GlobalSection(SolutionConfigurationPlatforms) = preSolution
		Debug|Any CPU = Debug|Any CPU
		Release|Any CPU = Release|Any CPU
	EndGlobalSection
	GlobalSection(ProjectConfigurationPlatforms) = postSolution
		{E5E77036-4FC1-43C7-8572-2F9BB9F6D5BC}.Debug|Any CPU.ActiveCfg = Debug|Any CPU
		{E5E77036-4FC1-43C7-8572-2F9BB9F6D5BC}.Debug|Any CPU.Build.0 = Debug|Any CPU
		{E5E77036-4FC1-43C7-8572-2F9BB9F6D5BC}.Release|Any CPU.ActiveCfg = Release|Any CPU
		{E5E77036-4FC1-43C7-8572-2F9BB9F6D5BC}.Release|Any CPU.Build.0 = Release|Any CPU
	EndGlobalSection
	GlobalSection(SolutionProperties) = preSolution
		HideSolutionNode = FALSE
	EndGlobalSection
EndGlobal
