
Microsoft Visual Studio Solution File, Format Version 12.00
# Visual Studio 2012
Project("{FAE04EC0-301F-11D3-BF4B-00C04F79EFBC}") = "AsyncExampleWPF", "AsyncExampleWPF\AsyncExampleWPF.csproj", "{DA9BD444-6700-4C55-84C1-88F7CB43961F}"
EndProject
Global
	GlobalSection(SolutionConfigurationPlatforms) = preSolution
		Debug|Any CPU = Debug|Any CPU
		Release|Any CPU = Release|Any CPU
	EndGlobalSection
	GlobalSection(ProjectConfigurationPlatforms) = postSolution
		{DA9BD444-6700-4C55-84C1-88F7CB43961F}.Debug|Any CPU.ActiveCfg = Debug|Any CPU
		{DA9BD444-6700-4C55-84C1-88F7CB43961F}.Debug|Any CPU.Build.0 = Debug|Any CPU
		{DA9BD444-6700-4C55-84C1-88F7CB43961F}.Release|Any CPU.ActiveCfg = Release|Any CPU
		{DA9BD444-6700-4C55-84C1-88F7CB43961F}.Release|Any CPU.Build.0 = Release|Any CPU
	EndGlobalSection
	GlobalSection(SolutionProperties) = preSolution
		HideSolutionNode = FALSE
	EndGlobalSection
EndGlobal
